
Microsoft Visual Studio Solution File, Format Version 12.00
# Visual Studio Version 17
VisualStudioVersion = 17.3.32819.101
MinimumVisualStudioVersion = 10.0.40219.1
Project("{FAE04EC0-301F-11D3-BF4B-00C04F79EFBC}") = "Etapa2", "Etapa2\Etapa2.csproj", "{45051A86-3EB7-46FF-9106-0E3AF32CD651}"
EndProject
Global
	GlobalSection(SolutionConfigurationPlatforms) = preSolution
		Debug|Any CPU = Debug|Any CPU
		Release|Any CPU = Release|Any CPU
	EndGlobalSection
	GlobalSection(ProjectConfigurationPlatforms) = postSolution
		{45051A86-3EB7-46FF-9106-0E3AF32CD651}.Debug|Any CPU.ActiveCfg = Debug|Any CPU
		{45051A86-3EB7-46FF-9106-0E3AF32CD651}.Debug|Any CPU.Build.0 = Debug|Any CPU
		{45051A86-3EB7-46FF-9106-0E3AF32CD651}.Release|Any CPU.ActiveCfg = Release|Any CPU
		{45051A86-3EB7-46FF-9106-0E3AF32CD651}.Release|Any CPU.Build.0 = Release|Any CPU
	EndGlobalSection
	GlobalSection(SolutionProperties) = preSolution
		HideSolutionNode = FALSE
	EndGlobalSection
	GlobalSection(ExtensibilityGlobals) = postSolution
		SolutionGuid = {424A8670-E6AF-4D53-937A-FAD683E80DF6}
	EndGlobalSection
EndGlobal
